
Microsoft Visual Studio Solution File, Format Version 12.00
# Visual Studio Version 17
VisualStudioVersion = 17.7.34024.191
MinimumVisualStudioVersion = 10.0.40219.1
Project("{FAE04EC0-301F-11D3-BF4B-00C04F79EFBC}") = "stage0", "stage0\stage0.csproj", "{FCFB1CDC-F5EC-4918-AB54-75ADF24C2EBC}"
EndProject
Global
	GlobalSection(SolutionConfigurationPlatforms) = preSolution
		Debug|Any CPU = Debug|Any CPU
		Release|Any CPU = Release|Any CPU
	EndGlobalSection
	GlobalSection(ProjectConfigurationPlatforms) = postSolution
		{FCFB1CDC-F5EC-4918-AB54-75ADF24C2EBC}.Debug|Any CPU.ActiveCfg = Debug|Any CPU
		{FCFB1CDC-F5EC-4918-AB54-75ADF24C2EBC}.Debug|Any CPU.Build.0 = Debug|Any CPU
		{FCFB1CDC-F5EC-4918-AB54-75ADF24C2EBC}.Release|Any CPU.ActiveCfg = Release|Any CPU
		{FCFB1CDC-F5EC-4918-AB54-75ADF24C2EBC}.Release|Any CPU.Build.0 = Release|Any CPU
	EndGlobalSection
	GlobalSection(SolutionProperties) = preSolution
		HideSolutionNode = FALSE
	EndGlobalSection
	GlobalSection(ExtensibilityGlobals) = postSolution
		SolutionGuid = {C7224ADA-95E8-4F80-B457-F6C2957BDE1F}
	EndGlobalSection
EndGlobal
